// !$*UTF8*$!
{
	archiveVersion = 1;
	classes = {
	};
	objectVersion = 46;
	objects = {

/* Begin PBXBuildFile section */
		DD5A99461A7D931900B40C37 /* TheEndViewController.swift in Sources */ = {isa = PBXBuildFile; fileRef = DD5A99451A7D931900B40C37 /* TheEndViewController.swift */; };
		DD5A99481A7D937D00B40C37 /* lets_jam_request.png in Resources */ = {isa = PBXBuildFile; fileRef = DD5A99471A7D937D00B40C37 /* lets_jam_request.png */; };
		DD5A994A1A7D94CE00B40C37 /* icon.png in Resources */ = {isa = PBXBuildFile; fileRef = DD5A99491A7D94CD00B40C37 /* icon.png */; };
		DD68F8A51A7D7E3C00C04512 /* splash.png in Resources */ = {isa = PBXBuildFile; fileRef = DD68F8A41A7D7E3C00C04512 /* splash.png */; };
		DD68F8A71A7D7EB400C04512 /* UploadViewController.swift in Sources */ = {isa = PBXBuildFile; fileRef = DD68F8A61A7D7EB400C04512 /* UploadViewController.swift */; };
		DD68F8A91A7D7EDE00C04512 /* PlayerConnect.swift in Sources */ = {isa = PBXBuildFile; fileRef = DD68F8A81A7D7EDE00C04512 /* PlayerConnect.swift */; };
		DD68F8AB1A7D852900C04512 /* FindFriendsViewController.swift in Sources */ = {isa = PBXBuildFile; fileRef = DD68F8AA1A7D852900C04512 /* FindFriendsViewController.swift */; };
		DD68F8AD1A7D884000C04512 /* find_phone_modal.png in Resources */ = {isa = PBXBuildFile; fileRef = DD68F8AC1A7D884000C04512 /* find_phone_modal.png */; };
		DD68F8AF1A7D890300C04512 /* find_phone.png in Resources */ = {isa = PBXBuildFile; fileRef = DD68F8AE1A7D890300C04512 /* find_phone.png */; };
		DD68F8B11A7D893B00C04512 /* FindFriendsModalViewController.swift in Sources */ = {isa = PBXBuildFile; fileRef = DD68F8B01A7D893B00C04512 /* FindFriendsModalViewController.swift */; };
		DD68F8B31A7D8D3800C04512 /* upload.png in Resources */ = {isa = PBXBuildFile; fileRef = DD68F8B21A7D8D3800C04512 /* upload.png */; };
		DD68F8B51A7D8D8D00C04512 /* UploadModalViewController.swift in Sources */ = {isa = PBXBuildFile; fileRef = DD68F8B41A7D8D8D00C04512 /* UploadModalViewController.swift */; };
		DD68F8B71A7D8E1700C04512 /* upload_modal.png in Resources */ = {isa = PBXBuildFile; fileRef = DD68F8B61A7D8E1700C04512 /* upload_modal.png */; };
		DD68F8B91A7D8EA900C04512 /* LetsJamViewController.swift in Sources */ = {isa = PBXBuildFile; fileRef = DD68F8B81A7D8EA900C04512 /* LetsJamViewController.swift */; };
		DD68F8BB1A7D8F1200C04512 /* lets_jam.png in Resources */ = {isa = PBXBuildFile; fileRef = DD68F8BA1A7D8F1200C04512 /* lets_jam.png */; };
		DD68F8BD1A7D8FE100C04512 /* ConnectAgreementViewController.swift in Sources */ = {isa = PBXBuildFile; fileRef = DD68F8BC1A7D8FE100C04512 /* ConnectAgreementViewController.swift */; };
		DD68F8BF1A7D902700C04512 /* lets_jamagreement.png in Resources */ = {isa = PBXBuildFile; fileRef = DD68F8BE1A7D902700C04512 /* lets_jamagreement.png */; };
		DDA873DF1A7D7B97005D730E /* AppDelegate.swift in Sources */ = {isa = PBXBuildFile; fileRef = DDA873DE1A7D7B97005D730E /* AppDelegate.swift */; };
		DDA873E11A7D7B97005D730E /* ViewController.swift in Sources */ = {isa = PBXBuildFile; fileRef = DDA873E01A7D7B97005D730E /* ViewController.swift */; };
		DDA873E41A7D7B97005D730E /* Main.storyboard in Resources */ = {isa = PBXBuildFile; fileRef = DDA873E21A7D7B97005D730E /* Main.storyboard */; };
		DDA873E61A7D7B97005D730E /* Images.xcassets in Resources */ = {isa = PBXBuildFile; fileRef = DDA873E51A7D7B97005D730E /* Images.xcassets */; };
		DDA873E91A7D7B97005D730E /* LaunchScreen.xib in Resources */ = {isa = PBXBuildFile; fileRef = DDA873E71A7D7B97005D730E /* LaunchScreen.xib */; };
		DDA873F51A7D7B97005D730E /* HackaThonCopyTests.swift in Sources */ = {isa = PBXBuildFile; fileRef = DDA873F41A7D7B97005D730E /* HackaThonCopyTests.swift */; };
		DDA873FF1A7D7BA8005D730E /* SplashViewController.swift in Sources */ = {isa = PBXBuildFile; fileRef = DDA873FE1A7D7BA8005D730E /* SplashViewController.swift */; };
/* End PBXBuildFile section */

/* Begin PBXContainerItemProxy section */
		DDA873EF1A7D7B97005D730E /* PBXContainerItemProxy */ = {
			isa = PBXContainerItemProxy;
			containerPortal = DDA873D11A7D7B97005D730E /* Project object */;
			proxyType = 1;
			remoteGlobalIDString = DDA873D81A7D7B97005D730E;
			remoteInfo = HackaThonCopy;
		};
/* End PBXContainerItemProxy section */

/* Begin PBXFileReference section */
		DD5A99451A7D931900B40C37 /* TheEndViewController.swift */ = {isa = PBXFileReference; fileEncoding = 4; lastKnownFileType = sourcecode.swift; path = TheEndViewController.swift; sourceTree = "<group>"; };
		DD5A99471A7D937D00B40C37 /* lets_jam_request.png */ = {isa = PBXFileReference; lastKnownFileType = image.png; path = lets_jam_request.png; sourceTree = "<group>"; };
		DD5A99491A7D94CD00B40C37 /* icon.png */ = {isa = PBXFileReference; lastKnownFileType = image.png; path = icon.png; sourceTree = "<group>"; };
		DD68F8A41A7D7E3C00C04512 /* splash.png */ = {isa = PBXFileReference; lastKnownFileType = image.png; path = splash.png; sourceTree = "<group>"; };
		DD68F8A61A7D7EB400C04512 /* UploadViewController.swift */ = {isa = PBXFileReference; fileEncoding = 4; lastKnownFileType = sourcecode.swift; path = UploadViewController.swift; sourceTree = "<group>"; };
		DD68F8A81A7D7EDE00C04512 /* PlayerConnect.swift */ = {isa = PBXFileReference; fileEncoding = 4; lastKnownFileType = sourcecode.swift; path = PlayerConnect.swift; sourceTree = "<group>"; };
		DD68F8AA1A7D852900C04512 /* FindFriendsViewController.swift */ = {isa = PBXFileReference; fileEncoding = 4; lastKnownFileType = sourcecode.swift; path = FindFriendsViewController.swift; sourceTree = "<group>"; };
		DD68F8AC1A7D884000C04512 /* find_phone_modal.png */ = {isa = PBXFileReference; lastKnownFileType = image.png; path = find_phone_modal.png; sourceTree = "<group>"; };
		DD68F8AE1A7D890300C04512 /* find_phone.png */ = {isa = PBXFileReference; lastKnownFileType = image.png; path = find_phone.png; sourceTree = "<group>"; };
		DD68F8B01A7D893B00C04512 /* FindFriendsModalViewController.swift */ = {isa = PBXFileReference; fileEncoding = 4; lastKnownFileType = sourcecode.swift; path = FindFriendsModalViewController.swift; sourceTree = "<group>"; };
		DD68F8B21A7D8D3800C04512 /* upload.png */ = {isa = PBXFileReference; lastKnownFileType = image.png; path = upload.png; sourceTree = "<group>"; };
		DD68F8B41A7D8D8D00C04512 /* UploadModalViewController.swift */ = {isa = PBXFileReference; fileEncoding = 4; lastKnownFileType = sourcecode.swift; path = UploadModalViewController.swift; sourceTree = "<group>"; };
		DD68F8B61A7D8E1700C04512 /* upload_modal.png */ = {isa = PBXFileReference; lastKnownFileType = image.png; path = upload_modal.png; sourceTree = "<group>"; };
		DD68F8B81A7D8EA900C04512 /* LetsJamViewController.swift */ = {isa = PBXFileReference; fileEncoding = 4; lastKnownFileType = sourcecode.swift; path = LetsJamViewController.swift; sourceTree = "<group>"; };
		DD68F8BA1A7D8F1200C04512 /* lets_jam.png */ = {isa = PBXFileReference; lastKnownFileType = image.png; path = lets_jam.png; sourceTree = "<group>"; };
		DD68F8BC1A7D8FE100C04512 /* ConnectAgreementViewController.swift */ = {isa = PBXFileReference; fileEncoding = 4; lastKnownFileType = sourcecode.swift; path = ConnectAgreementViewController.swift; sourceTree = "<group>"; };
		DD68F8BE1A7D902700C04512 /* lets_jamagreement.png */ = {isa = PBXFileReference; lastKnownFileType = image.png; path = lets_jamagreement.png; sourceTree = "<group>"; };
		DDA873D91A7D7B97005D730E /* HackaThonCopy.app */ = {isa = PBXFileReference; explicitFileType = wrapper.application; includeInIndex = 0; path = HackaThonCopy.app; sourceTree = BUILT_PRODUCTS_DIR; };
		DDA873DD1A7D7B97005D730E /* Info.plist */ = {isa = PBXFileReference; lastKnownFileType = text.plist.xml; path = Info.plist; sourceTree = "<group>"; };
		DDA873DE1A7D7B97005D730E /* AppDelegate.swift */ = {isa = PBXFileReference; lastKnownFileType = sourcecode.swift; path = AppDelegate.swift; sourceTree = "<group>"; };
		DDA873E01A7D7B97005D730E /* ViewController.swift */ = {isa = PBXFileReference; lastKnownFileType = sourcecode.swift; path = ViewController.swift; sourceTree = "<group>"; };
		DDA873E31A7D7B97005D730E /* Base */ = {isa = PBXFileReference; lastKnownFileType = file.storyboard; name = Base; path = Base.lproj/Main.storyboard; sourceTree = "<group>"; };
		DDA873E51A7D7B97005D730E /* Images.xcassets */ = {isa = PBXFileReference; lastKnownFileType = folder.assetcatalog; path = Images.xcassets; sourceTree = "<group>"; };
		DDA873E81A7D7B97005D730E /* Base */ = {isa = PBXFileReference; lastKnownFileType = file.xib; name = Base; path = Base.lproj/LaunchScreen.xib; sourceTree = "<group>"; };
		DDA873EE1A7D7B97005D730E /* HackaThonCopyTests.xctest */ = {isa = PBXFileReference; explicitFileType = wrapper.cfbundle; includeInIndex = 0; path = HackaThonCopyTests.xctest; sourceTree = BUILT_PRODUCTS_DIR; };
		DDA873F31A7D7B97005D730E /* Info.plist */ = {isa = PBXFileReference; lastKnownFileType = text.plist.xml; path = Info.plist; sourceTree = "<group>"; };
		DDA873F41A7D7B97005D730E /* HackaThonCopyTests.swift */ = {isa = PBXFileReference; lastKnownFileType = sourcecode.swift; path = HackaThonCopyTests.swift; sourceTree = "<group>"; };
		DDA873FE1A7D7BA8005D730E /* SplashViewController.swift */ = {isa = PBXFileReference; fileEncoding = 4; lastKnownFileType = sourcecode.swift; path = SplashViewController.swift; sourceTree = "<group>"; };
/* End PBXFileReference section */

/* Begin PBXFrameworksBuildPhase section */
		DDA873D61A7D7B97005D730E /* Frameworks */ = {
			isa = PBXFrameworksBuildPhase;
			buildActionMask = 2147483647;
			files = (
			);
			runOnlyForDeploymentPostprocessing = 0;
		};
		DDA873EB1A7D7B97005D730E /* Frameworks */ = {
			isa = PBXFrameworksBuildPhase;
			buildActionMask = 2147483647;
			files = (
			);
			runOnlyForDeploymentPostprocessing = 0;
		};
/* End PBXFrameworksBuildPhase section */

/* Begin PBXGroup section */
		DD68F8A31A7D7E3300C04512 /* Images */ = {
			isa = PBXGroup;
			children = (
				DD5A99491A7D94CD00B40C37 /* icon.png */,
				DD5A99471A7D937D00B40C37 /* lets_jam_request.png */,
				DD68F8BE1A7D902700C04512 /* lets_jamagreement.png */,
				DD68F8BA1A7D8F1200C04512 /* lets_jam.png */,
				DD68F8B61A7D8E1700C04512 /* upload_modal.png */,
				DD68F8B21A7D8D3800C04512 /* upload.png */,
				DD68F8AE1A7D890300C04512 /* find_phone.png */,
				DD68F8AC1A7D884000C04512 /* find_phone_modal.png */,
				DD68F8A41A7D7E3C00C04512 /* splash.png */,
			);
			name = Images;
			sourceTree = "<group>";
		};
		DDA873D01A7D7B97005D730E = {
			isa = PBXGroup;
			children = (
				DD68F8A31A7D7E3300C04512 /* Images */,
				DDA873DB1A7D7B97005D730E /* HackaThonCopy */,
				DDA873F11A7D7B97005D730E /* HackaThonCopyTests */,
				DDA873DA1A7D7B97005D730E /* Products */,
			);
			sourceTree = "<group>";
		};
		DDA873DA1A7D7B97005D730E /* Products */ = {
			isa = PBXGroup;
			children = (
				DDA873D91A7D7B97005D730E /* HackaThonCopy.app */,
				DDA873EE1A7D7B97005D730E /* HackaThonCopyTests.xctest */,
			);
			name = Products;
			sourceTree = "<group>";
		};
		DDA873DB1A7D7B97005D730E /* HackaThonCopy */ = {
			isa = PBXGroup;
			children = (
				DDA873DE1A7D7B97005D730E /* AppDelegate.swift */,
				DDA873E01A7D7B97005D730E /* ViewController.swift */,
				DD68F8A81A7D7EDE00C04512 /* PlayerConnect.swift */,
				DDA873FE1A7D7BA8005D730E /* SplashViewController.swift */,
				DD68F8AA1A7D852900C04512 /* FindFriendsViewController.swift */,
				DD68F8B01A7D893B00C04512 /* FindFriendsModalViewController.swift */,
				DD68F8BC1A7D8FE100C04512 /* ConnectAgreementViewController.swift */,
				DD68F8A61A7D7EB400C04512 /* UploadViewController.swift */,
				DD68F8B41A7D8D8D00C04512 /* UploadModalViewController.swift */,
				DD68F8B81A7D8EA900C04512 /* LetsJamViewController.swift */,
				DD5A99451A7D931900B40C37 /* TheEndViewController.swift */,
				DDA873E21A7D7B97005D730E /* Main.storyboard */,
				DDA873E51A7D7B97005D730E /* Images.xcassets */,
				DDA873E71A7D7B97005D730E /* LaunchScreen.xib */,
				DDA873DC1A7D7B97005D730E /* Supporting Files */,
			);
			path = HackaThonCopy;
			sourceTree = "<group>";
		};
		DDA873DC1A7D7B97005D730E /* Supporting Files */ = {
			isa = PBXGroup;
			children = (
				DDA873DD1A7D7B97005D730E /* Info.plist */,
			);
			name = "Supporting Files";
			sourceTree = "<group>";
		};
		DDA873F11A7D7B97005D730E /* HackaThonCopyTests */ = {
			isa = PBXGroup;
			children = (
				DDA873F41A7D7B97005D730E /* HackaThonCopyTests.swift */,
				DDA873F21A7D7B97005D730E /* Supporting Files */,
			);
			path = HackaThonCopyTests;
			sourceTree = "<group>";
		};
		DDA873F21A7D7B97005D730E /* Supporting Files */ = {
			isa = PBXGroup;
			children = (
				DDA873F31A7D7B97005D730E /* Info.plist */,
			);
			name = "Supporting Files";
			sourceTree = "<group>";
		};
/* End PBXGroup section */

/* Begin PBXNativeTarget section */
		DDA873D81A7D7B97005D730E /* HackaThonCopy */ = {
			isa = PBXNativeTarget;
			buildConfigurationList = DDA873F81A7D7B97005D730E /* Build configuration list for PBXNativeTarget "HackaThonCopy" */;
			buildPhases = (
				DDA873D51A7D7B97005D730E /* Sources */,
				DDA873D61A7D7B97005D730E /* Frameworks */,
				DDA873D71A7D7B97005D730E /* Resources */,
			);
			buildRules = (
			);
			dependencies = (
			);
			name = HackaThonCopy;
			productName = HackaThonCopy;
			productReference = DDA873D91A7D7B97005D730E /* HackaThonCopy.app */;
			productType = "com.apple.product-type.application";
		};
		DDA873ED1A7D7B97005D730E /* HackaThonCopyTests */ = {
			isa = PBXNativeTarget;
			buildConfigurationList = DDA873FB1A7D7B97005D730E /* Build configuration list for PBXNativeTarget "HackaThonCopyTests" */;
			buildPhases = (
				DDA873EA1A7D7B97005D730E /* Sources */,
				DDA873EB1A7D7B97005D730E /* Frameworks */,
				DDA873EC1A7D7B97005D730E /* Resources */,
			);
			buildRules = (
			);
			dependencies = (
				DDA873F01A7D7B97005D730E /* PBXTargetDependency */,
			);
			name = HackaThonCopyTests;
			productName = HackaThonCopyTests;
			productReference = DDA873EE1A7D7B97005D730E /* HackaThonCopyTests.xctest */;
			productType = "com.apple.product-type.bundle.unit-test";
		};
/* End PBXNativeTarget section */

/* Begin PBXProject section */
		DDA873D11A7D7B97005D730E /* Project object */ = {
			isa = PBXProject;
			attributes = {
				LastUpgradeCheck = 0610;
				ORGANIZATIONNAME = "Eric Williams";
				TargetAttributes = {
					DDA873D81A7D7B97005D730E = {
						CreatedOnToolsVersion = 6.1.1;
					};
					DDA873ED1A7D7B97005D730E = {
						CreatedOnToolsVersion = 6.1.1;
						TestTargetID = DDA873D81A7D7B97005D730E;
					};
				};
			};
			buildConfigurationList = DDA873D41A7D7B97005D730E /* Build configuration list for PBXProject "HackaThonCopy" */;
			compatibilityVersion = "Xcode 3.2";
			developmentRegion = English;
			hasScannedForEncodings = 0;
			knownRegions = (
				en,
				Base,
			);
			mainGroup = DDA873D01A7D7B97005D730E;
			productRefGroup = DDA873DA1A7D7B97005D730E /* Products */;
			projectDirPath = "";
			projectRoot = "";
			targets = (
				DDA873D81A7D7B97005D730E /* HackaThonCopy */,
				DDA873ED1A7D7B97005D730E /* HackaThonCopyTests */,
			);
		};
/* End PBXProject section */

/* Begin PBXResourcesBuildPhase section */
		DDA873D71A7D7B97005D730E /* Resources */ = {
			isa = PBXResourcesBuildPhase;
			buildActionMask = 2147483647;
			files = (
				DD68F8A51A7D7E3C00C04512 /* splash.png in Resources */,
				DD68F8AF1A7D890300C04512 /* find_phone.png in Resources */,
				DD68F8B31A7D8D3800C04512 /* upload.png in Resources */,
				DDA873E41A7D7B97005D730E /* Main.storyboard in Resources */,
				DD68F8BB1A7D8F1200C04512 /* lets_jam.png in Resources */,
				DD68F8BF1A7D902700C04512 /* lets_jamagreement.png in Resources */,
				DD5A99481A7D937D00B40C37 /* lets_jam_request.png in Resources */,
				DD68F8B71A7D8E1700C04512 /* upload_modal.png in Resources */,
				DD5A994A1A7D94CE00B40C37 /* icon.png in Resources */,
				DDA873E91A7D7B97005D730E /* LaunchScreen.xib in Resources */,
				DDA873E61A7D7B97005D730E /* Images.xcassets in Resources */,
				DD68F8AD1A7D884000C04512 /* find_phone_modal.png in Resources */,
			);
			runOnlyForDeploymentPostprocessing = 0;
		};
		DDA873EC1A7D7B97005D730E /* Resources */ = {
			isa = PBXResourcesBuildPhase;
			buildActionMask = 2147483647;
			files = (
			);
			runOnlyForDeploymentPostprocessing = 0;
		};
/* End PBXResourcesBuildPhase section */

/* Begin PBXSourcesBuildPhase section */
		DDA873D51A7D7B97005D730E /* Sources */ = {
			isa = PBXSourcesBuildPhase;
			buildActionMask = 2147483647;
			files = (
				DDA873FF1A7D7BA8005D730E /* SplashViewController.swift in Sources */,
				DD68F8B11A7D893B00C04512 /* FindFriendsModalViewController.swift in Sources */,
				DD5A99461A7D931900B40C37 /* TheEndViewController.swift in Sources */,
				DD68F8BD1A7D8FE100C04512 /* ConnectAgreementViewController.swift in Sources */,
				DD68F8A71A7D7EB400C04512 /* UploadViewController.swift in Sources */,
				DD68F8B91A7D8EA900C04512 /* LetsJamViewController.swift in Sources */,
				DD68F8B51A7D8D8D00C04512 /* UploadModalViewController.swift in Sources */,
				DDA873E11A7D7B97005D730E /* ViewController.swift in Sources */,
				DD68F8A91A7D7EDE00C04512 /* PlayerConnect.swift in Sources */,
				DDA873DF1A7D7B97005D730E /* AppDelegate.swift in Sources */,
				DD68F8AB1A7D852900C04512 /* FindFriendsViewController.swift in Sources */,
			);
			runOnlyForDeploymentPostprocessing = 0;
		};
		DDA873EA1A7D7B97005D730E /* Sources */ = {
			isa = PBXSourcesBuildPhase;
			buildActionMask = 2147483647;
			files = (
				DDA873F51A7D7B97005D730E /* HackaThonCopyTests.swift in Sources */,
			);
			runOnlyForDeploymentPostprocessing = 0;
		};
/* End PBXSourcesBuildPhase section */

/* Begin PBXTargetDependency section */
		DDA873F01A7D7B97005D730E /* PBXTargetDependency */ = {
			isa = PBXTargetDependency;
			target = DDA873D81A7D7B97005D730E /* HackaThonCopy */;
			targetProxy = DDA873EF1A7D7B97005D730E /* PBXContainerItemProxy */;
		};
/* End PBXTargetDependency section */

/* Begin PBXVariantGroup section */
		DDA873E21A7D7B97005D730E /* Main.storyboard */ = {
			isa = PBXVariantGroup;
			children = (
				DDA873E31A7D7B97005D730E /* Base */,
			);
			name = Main.storyboard;
			sourceTree = "<group>";
		};
		DDA873E71A7D7B97005D730E /* LaunchScreen.xib */ = {
			isa = PBXVariantGroup;
			children = (
				DDA873E81A7D7B97005D730E /* Base */,
			);
			name = LaunchScreen.xib;
			sourceTree = "<group>";
		};
/* End PBXVariantGroup section */

/* Begin XCBuildConfiguration section */
		DDA873F61A7D7B97005D730E /* Debug */ = {
			isa = XCBuildConfiguration;
			buildSettings = {
				ALWAYS_SEARCH_USER_PATHS = NO;
				CLANG_CXX_LANGUAGE_STANDARD = "gnu++0x";
				CLANG_CXX_LIBRARY = "libc++";
				CLANG_ENABLE_MODULES = YES;
				CLANG_ENABLE_OBJC_ARC = YES;
				CLANG_WARN_BOOL_CONVERSION = YES;
				CLANG_WARN_CONSTANT_CONVERSION = YES;
				CLANG_WARN_DIRECT_OBJC_ISA_USAGE = YES_ERROR;
				CLANG_WARN_EMPTY_BODY = YES;
				CLANG_WARN_ENUM_CONVERSION = YES;
				CLANG_WARN_INT_CONVERSION = YES;
				CLANG_WARN_OBJC_ROOT_CLASS = YES_ERROR;
				CLANG_WARN_UNREACHABLE_CODE = YES;
				CLANG_WARN__DUPLICATE_METHOD_MATCH = YES;
				"CODE_SIGN_IDENTITY[sdk=iphoneos*]" = "iPhone Developer";
				COPY_PHASE_STRIP = NO;
				ENABLE_STRICT_OBJC_MSGSEND = YES;
				GCC_C_LANGUAGE_STANDARD = gnu99;
				GCC_DYNAMIC_NO_PIC = NO;
				GCC_OPTIMIZATION_LEVEL = 0;
				GCC_PREPROCESSOR_DEFINITIONS = (
					"DEBUG=1",
					"$(inherited)",
				);
				GCC_SYMBOLS_PRIVATE_EXTERN = NO;
				GCC_WARN_64_TO_32_BIT_CONVERSION = YES;
				GCC_WARN_ABOUT_RETURN_TYPE = YES_ERROR;
				GCC_WARN_UNDECLARED_SELECTOR = YES;
				GCC_WARN_UNINITIALIZED_AUTOS = YES_AGGRESSIVE;
				GCC_WARN_UNUSED_FUNCTION = YES;
				GCC_WARN_UNUSED_VARIABLE = YES;
				IPHONEOS_DEPLOYMENT_TARGET = 8.1;
				MTL_ENABLE_DEBUG_INFO = YES;
				ONLY_ACTIVE_ARCH = YES;
				SDKROOT = iphoneos;
				SWIFT_OPTIMIZATION_LEVEL = "-Onone";
			};
			name = Debug;
		};
		DDA873F71A7D7B97005D730E /* Release */ = {
			isa = XCBuildConfiguration;
			buildSettings = {
				ALWAYS_SEARCH_USER_PATHS = NO;
				CLANG_CXX_LANGUAGE_STANDARD = "gnu++0x";
				CLANG_CXX_LIBRARY = "libc++";
				CLANG_ENABLE_MODULES = YES;
				CLANG_ENABLE_OBJC_ARC = YES;
				CLANG_WARN_BOOL_CONVERSION = YES;
				CLANG_WARN_CONSTANT_CONVERSION = YES;
				CLANG_WARN_DIRECT_OBJC_ISA_USAGE = YES_ERROR;
				CLANG_WARN_EMPTY_BODY = YES;
				CLANG_WARN_ENUM_CONVERSION = YES;
				CLANG_WARN_INT_CONVERSION = YES;
				CLANG_WARN_OBJC_ROOT_CLASS = YES_ERROR;
				CLANG_WARN_UNREACHABLE_CODE = YES;
				CLANG_WARN__DUPLICATE_METHOD_MATCH = YES;
				"CODE_SIGN_IDENTITY[sdk=iphoneos*]" = "iPhone Developer";
				COPY_PHASE_STRIP = YES;
				ENABLE_NS_ASSERTIONS = NO;
				ENABLE_STRICT_OBJC_MSGSEND = YES;
				GCC_C_LANGUAGE_STANDARD = gnu99;
				GCC_WARN_64_TO_32_BIT_CONVERSION = YES;
				GCC_WARN_ABOUT_RETURN_TYPE = YES_ERROR;
				GCC_WARN_UNDECLARED_SELECTOR = YES;
				GCC_WARN_UNINITIALIZED_AUTOS = YES_AGGRESSIVE;
				GCC_WARN_UNUSED_FUNCTION = YES;
				GCC_WARN_UNUSED_VARIABLE = YES;
				IPHONEOS_DEPLOYMENT_TARGET = 8.1;
				MTL_ENABLE_DEBUG_INFO = NO;
				SDKROOT = iphoneos;
				VALIDATE_PRODUCT = YES;
			};
			name = Release;
		};
		DDA873F91A7D7B97005D730E /* Debug */ = {
			isa = XCBuildConfiguration;
			buildSettings = {
				ASSETCATALOG_COMPILER_APPICON_NAME = AppIcon;
				INFOPLIST_FILE = HackaThonCopy/Info.plist;
				LD_RUNPATH_SEARCH_PATHS = "$(inherited) @executable_path/Frameworks";
				PRODUCT_NAME = "$(TARGET_NAME)";
			};
			name = Debug;
		};
		DDA873FA1A7D7B97005D730E /* Release */ = {
			isa = XCBuildConfiguration;
			buildSettings = {
				ASSETCATALOG_COMPILER_APPICON_NAME = AppIcon;
				INFOPLIST_FILE = HackaThonCopy/Info.plist;
				LD_RUNPATH_SEARCH_PATHS = "$(inherited) @executable_path/Frameworks";
				PRODUCT_NAME = "$(TARGET_NAME)";
			};
			name = Release;
		};
		DDA873FC1A7D7B97005D730E /* Debug */ = {
			isa = XCBuildConfiguration;
			buildSettings = {
				BUNDLE_LOADER = "$(TEST_HOST)";
				FRAMEWORK_SEARCH_PATHS = (
					"$(SDKROOT)/Developer/Library/Frameworks",
					"$(inherited)",
				);
				GCC_PREPROCESSOR_DEFINITIONS = (
					"DEBUG=1",
					"$(inherited)",
				);
				INFOPLIST_FILE = HackaThonCopyTests/Info.plist;
				LD_RUNPATH_SEARCH_PATHS = "$(inherited) @executable_path/Frameworks @loader_path/Frameworks";
				PRODUCT_NAME = "$(TARGET_NAME)";
				TEST_HOST = "$(BUILT_PRODUCTS_DIR)/HackaThonCopy.app/HackaThonCopy";
			};
			name = Debug;
		};
		DDA873FD1A7D7B97005D730E /* Release */ = {
			isa = XCBuildConfiguration;
			buildSettings = {
				BUNDLE_LOADER = "$(TEST_HOST)";
				FRAMEWORK_SEARCH_PATHS = (
					"$(SDKROOT)/Developer/Library/Frameworks",
					"$(inherited)",
				);
				INFOPLIST_FILE = HackaThonCopyTests/Info.plist;
				LD_RUNPATH_SEARCH_PATHS = "$(inherited) @executable_path/Frameworks @loader_path/Frameworks";
				PRODUCT_NAME = "$(TARGET_NAME)";
				TEST_HOST = "$(BUILT_PRODUCTS_DIR)/HackaThonCopy.app/HackaThonCopy";
			};
			name = Release;
		};
/* End XCBuildConfiguration section */

/* Begin XCConfigurationList section */
		DDA873D41A7D7B97005D730E /* Build configuration list for PBXProject "HackaThonCopy" */ = {
			isa = XCConfigurationList;
			buildConfigurations = (
				DDA873F61A7D7B97005D730E /* Debug */,
				DDA873F71A7D7B97005D730E /* Release */,
			);
			defaultConfigurationIsVisible = 0;
			defaultConfigurationName = Release;
		};
		DDA873F81A7D7B97005D730E /* Build configuration list for PBXNativeTarget "HackaThonCopy" */ = {
			isa = XCConfigurationList;
			buildConfigurations = (
				DDA873F91A7D7B97005D730E /* Debug */,
				DDA873FA1A7D7B97005D730E /* Release */,
			);
			defaultConfigurationIsVisible = 0;
			defaultConfigurationName = Release;
		};
		DDA873FB1A7D7B97005D730E /* Build configuration list for PBXNativeTarget "HackaThonCopyTests" */ = {
			isa = XCConfigurationList;
			buildConfigurations = (
				DDA873FC1A7D7B97005D730E /* Debug */,
				DDA873FD1A7D7B97005D730E /* Release */,
			);
			defaultConfigurationIsVisible = 0;
			defaultConfigurationName = Release;
		};
/* End XCConfigurationList section */
	};
	rootObject = DDA873D11A7D7B97005D730E /* Project object */;
}
